
Microsoft Visual Studio Solution File, Format Version 12.00
# Visual Studio 15
VisualStudioVersion = 15.0.27130.2024
MinimumVisualStudioVersion = 10.0.40219.1
Project("{FAE04EC0-301F-11D3-BF4B-00C04F79EFBC}") = "DAL", "WindowsFormsApp1\DAL.csproj", "{9B395D69-A0FB-4CFB-B486-BBEF4C176730}"
EndProject
Project("{FAE04EC0-301F-11D3-BF4B-00C04F79EFBC}") = "ConsoleTest", "ConsoleTest\ConsoleTest.csproj", "{21FCAE16-8DB3-4C4B-B0C6-F3F31E03F122}"
EndProject
Project("{FAE04EC0-301F-11D3-BF4B-00C04F79EFBC}") = "websocketForNet", "websocket\websocketForNet.csproj", "{542A1B4C-5693-4DBA-BC47-779880130ADA}"
EndProject
Project("{FAE04EC0-301F-11D3-BF4B-00C04F79EFBC}") = "PullData", "PullData\PullData.csproj", "{02F99635-DD30-4569-B253-184EBF05EE72}"
EndProject
Project("{FAE04EC0-301F-11D3-BF4B-00C04F79EFBC}") = "Util", "Util\Util.csproj", "{ED462E2F-BB66-44FD-9B1C-343E591DDD59}"
EndProject
Global
	GlobalSection(SolutionConfigurationPlatforms) = preSolution
		Debug|Any CPU = Debug|Any CPU
		Debug|ARM = Debug|ARM
		Debug|x64 = Debug|x64
		Debug|x86 = Debug|x86
		Release|Any CPU = Release|Any CPU
		Release|ARM = Release|ARM
		Release|x64 = Release|x64
		Release|x86 = Release|x86
	EndGlobalSection
	GlobalSection(ProjectConfigurationPlatforms) = postSolution
		{9B395D69-A0FB-4CFB-B486-BBEF4C176730}.Debug|Any CPU.ActiveCfg = Debug|Any CPU
		{9B395D69-A0FB-4CFB-B486-BBEF4C176730}.Debug|Any CPU.Build.0 = Debug|Any CPU
		{9B395D69-A0FB-4CFB-B486-BBEF4C176730}.Debug|ARM.ActiveCfg = Debug|Any CPU
		{9B395D69-A0FB-4CFB-B486-BBEF4C176730}.Debug|ARM.Build.0 = Debug|Any CPU
		{9B395D69-A0FB-4CFB-B486-BBEF4C176730}.Debug|x64.ActiveCfg = Debug|Any CPU
		{9B395D69-A0FB-4CFB-B486-BBEF4C176730}.Debug|x64.Build.0 = Debug|Any CPU
		{9B395D69-A0FB-4CFB-B486-BBEF4C176730}.Debug|x86.ActiveCfg = Debug|Any CPU
		{9B395D69-A0FB-4CFB-B486-BBEF4C176730}.Debug|x86.Build.0 = Debug|Any CPU
		{9B395D69-A0FB-4CFB-B486-BBEF4C176730}.Release|Any CPU.ActiveCfg = Release|Any CPU
		{9B395D69-A0FB-4CFB-B486-BBEF4C176730}.Release|Any CPU.Build.0 = Release|Any CPU
		{9B395D69-A0FB-4CFB-B486-BBEF4C176730}.Release|ARM.ActiveCfg = Release|Any CPU
		{9B395D69-A0FB-4CFB-B486-BBEF4C176730}.Release|ARM.Build.0 = Release|Any CPU
		{9B395D69-A0FB-4CFB-B486-BBEF4C176730}.Release|x64.ActiveCfg = Release|Any CPU
		{9B395D69-A0FB-4CFB-B486-BBEF4C176730}.Release|x64.Build.0 = Release|Any CPU
		{9B395D69-A0FB-4CFB-B486-BBEF4C176730}.Release|x86.ActiveCfg = Release|Any CPU
		{9B395D69-A0FB-4CFB-B486-BBEF4C176730}.Release|x86.Build.0 = Release|Any CPU
		{21FCAE16-8DB3-4C4B-B0C6-F3F31E03F122}.Debug|Any CPU.ActiveCfg = Debug|Any CPU
		{21FCAE16-8DB3-4C4B-B0C6-F3F31E03F122}.Debug|Any CPU.Build.0 = Debug|Any CPU
		{21FCAE16-8DB3-4C4B-B0C6-F3F31E03F122}.Debug|ARM.ActiveCfg = Debug|Any CPU
		{21FCAE16-8DB3-4C4B-B0C6-F3F31E03F122}.Debug|ARM.Build.0 = Debug|Any CPU
		{21FCAE16-8DB3-4C4B-B0C6-F3F31E03F122}.Debug|x64.ActiveCfg = Debug|Any CPU
		{21FCAE16-8DB3-4C4B-B0C6-F3F31E03F122}.Debug|x64.Build.0 = Debug|Any CPU
		{21FCAE16-8DB3-4C4B-B0C6-F3F31E03F122}.Debug|x86.ActiveCfg = Debug|Any CPU
		{21FCAE16-8DB3-4C4B-B0C6-F3F31E03F122}.Debug|x86.Build.0 = Debug|Any CPU
		{21FCAE16-8DB3-4C4B-B0C6-F3F31E03F122}.Release|Any CPU.ActiveCfg = Release|Any CPU
		{21FCAE16-8DB3-4C4B-B0C6-F3F31E03F122}.Release|Any CPU.Build.0 = Release|Any CPU
		{21FCAE16-8DB3-4C4B-B0C6-F3F31E03F122}.Release|ARM.ActiveCfg = Release|Any CPU
		{21FCAE16-8DB3-4C4B-B0C6-F3F31E03F122}.Release|ARM.Build.0 = Release|Any CPU
		{21FCAE16-8DB3-4C4B-B0C6-F3F31E03F122}.Release|x64.ActiveCfg = Release|Any CPU
		{21FCAE16-8DB3-4C4B-B0C6-F3F31E03F122}.Release|x64.Build.0 = Release|Any CPU
		{21FCAE16-8DB3-4C4B-B0C6-F3F31E03F122}.Release|x86.ActiveCfg = Release|Any CPU
		{21FCAE16-8DB3-4C4B-B0C6-F3F31E03F122}.Release|x86.Build.0 = Release|Any CPU
		{542A1B4C-5693-4DBA-BC47-779880130ADA}.Debug|Any CPU.ActiveCfg = Debug|Any CPU
		{542A1B4C-5693-4DBA-BC47-779880130ADA}.Debug|Any CPU.Build.0 = Debug|Any CPU
		{542A1B4C-5693-4DBA-BC47-779880130ADA}.Debug|ARM.ActiveCfg = Debug|Any CPU
		{542A1B4C-5693-4DBA-BC47-779880130ADA}.Debug|ARM.Build.0 = Debug|Any CPU
		{542A1B4C-5693-4DBA-BC47-779880130ADA}.Debug|x64.ActiveCfg = Debug|Any CPU
		{542A1B4C-5693-4DBA-BC47-779880130ADA}.Debug|x64.Build.0 = Debug|Any CPU
		{542A1B4C-5693-4DBA-BC47-779880130ADA}.Debug|x86.ActiveCfg = Debug|Any CPU
		{542A1B4C-5693-4DBA-BC47-779880130ADA}.Debug|x86.Build.0 = Debug|Any CPU
		{542A1B4C-5693-4DBA-BC47-779880130ADA}.Release|Any CPU.ActiveCfg = Release|Any CPU
		{542A1B4C-5693-4DBA-BC47-779880130ADA}.Release|Any CPU.Build.0 = Release|Any CPU
		{542A1B4C-5693-4DBA-BC47-779880130ADA}.Release|ARM.ActiveCfg = Release|Any CPU
		{542A1B4C-5693-4DBA-BC47-779880130ADA}.Release|ARM.Build.0 = Release|Any CPU
		{542A1B4C-5693-4DBA-BC47-779880130ADA}.Release|x64.ActiveCfg = Release|Any CPU
		{542A1B4C-5693-4DBA-BC47-779880130ADA}.Release|x64.Build.0 = Release|Any CPU
		{542A1B4C-5693-4DBA-BC47-779880130ADA}.Release|x86.ActiveCfg = Release|Any CPU
		{542A1B4C-5693-4DBA-BC47-779880130ADA}.Release|x86.Build.0 = Release|Any CPU
		{02F99635-DD30-4569-B253-184EBF05EE72}.Debug|Any CPU.ActiveCfg = Debug|Any CPU
		{02F99635-DD30-4569-B253-184EBF05EE72}.Debug|Any CPU.Build.0 = Debug|Any CPU
		{02F99635-DD30-4569-B253-184EBF05EE72}.Debug|ARM.ActiveCfg = Debug|Any CPU
		{02F99635-DD30-4569-B253-184EBF05EE72}.Debug|ARM.Build.0 = Debug|Any CPU
		{02F99635-DD30-4569-B253-184EBF05EE72}.Debug|x64.ActiveCfg = Debug|Any CPU
		{02F99635-DD30-4569-B253-184EBF05EE72}.Debug|x64.Build.0 = Debug|Any CPU
		{02F99635-DD30-4569-B253-184EBF05EE72}.Debug|x86.ActiveCfg = Debug|Any CPU
		{02F99635-DD30-4569-B253-184EBF05EE72}.Debug|x86.Build.0 = Debug|Any CPU
		{02F99635-DD30-4569-B253-184EBF05EE72}.Release|Any CPU.ActiveCfg = Release|Any CPU
		{02F99635-DD30-4569-B253-184EBF05EE72}.Release|Any CPU.Build.0 = Release|Any CPU
		{02F99635-DD30-4569-B253-184EBF05EE72}.Release|ARM.ActiveCfg = Release|Any CPU
		{02F99635-DD30-4569-B253-184EBF05EE72}.Release|ARM.Build.0 = Release|Any CPU
		{02F99635-DD30-4569-B253-184EBF05EE72}.Release|x64.ActiveCfg = Release|Any CPU
		{02F99635-DD30-4569-B253-184EBF05EE72}.Release|x64.Build.0 = Release|Any CPU
		{02F99635-DD30-4569-B253-184EBF05EE72}.Release|x86.ActiveCfg = Release|Any CPU
		{02F99635-DD30-4569-B253-184EBF05EE72}.Release|x86.Build.0 = Release|Any CPU
		{ED462E2F-BB66-44FD-9B1C-343E591DDD59}.Debug|Any CPU.ActiveCfg = Debug|Any CPU
		{ED462E2F-BB66-44FD-9B1C-343E591DDD59}.Debug|Any CPU.Build.0 = Debug|Any CPU
		{ED462E2F-BB66-44FD-9B1C-343E591DDD59}.Debug|ARM.ActiveCfg = Debug|Any CPU
		{ED462E2F-BB66-44FD-9B1C-343E591DDD59}.Debug|ARM.Build.0 = Debug|Any CPU
		{ED462E2F-BB66-44FD-9B1C-343E591DDD59}.Debug|x64.ActiveCfg = Debug|Any CPU
		{ED462E2F-BB66-44FD-9B1C-343E591DDD59}.Debug|x64.Build.0 = Debug|Any CPU
		{ED462E2F-BB66-44FD-9B1C-343E591DDD59}.Debug|x86.ActiveCfg = Debug|Any CPU
		{ED462E2F-BB66-44FD-9B1C-343E591DDD59}.Debug|x86.Build.0 = Debug|Any CPU
		{ED462E2F-BB66-44FD-9B1C-343E591DDD59}.Release|Any CPU.ActiveCfg = Release|Any CPU
		{ED462E2F-BB66-44FD-9B1C-343E591DDD59}.Release|Any CPU.Build.0 = Release|Any CPU
		{ED462E2F-BB66-44FD-9B1C-343E591DDD59}.Release|ARM.ActiveCfg = Release|Any CPU
		{ED462E2F-BB66-44FD-9B1C-343E591DDD59}.Release|ARM.Build.0 = Release|Any CPU
		{ED462E2F-BB66-44FD-9B1C-343E591DDD59}.Release|x64.ActiveCfg = Release|Any CPU
		{ED462E2F-BB66-44FD-9B1C-343E591DDD59}.Release|x64.Build.0 = Release|Any CPU
		{ED462E2F-BB66-44FD-9B1C-343E591DDD59}.Release|x86.ActiveCfg = Release|Any CPU
		{ED462E2F-BB66-44FD-9B1C-343E591DDD59}.Release|x86.Build.0 = Release|Any CPU
	EndGlobalSection
	GlobalSection(SolutionProperties) = preSolution
		HideSolutionNode = FALSE
	EndGlobalSection
	GlobalSection(ExtensibilityGlobals) = postSolution
		SolutionGuid = {5F8AEE34-A40D-4B8E-BFAE-41ECC57DDDC9}
	EndGlobalSection
EndGlobal
